
Microsoft Visual Studio Solution File, Format Version 12.00
# Visual Studio Version 17
VisualStudioVersion = 17.9.34622.214
MinimumVisualStudioVersion = 10.0.40219.1
Project("{9A19103F-16F7-4668-BE54-9A1E7A4F7556}") = "ListaDeExercicios01", "ListaDeExercicios01\ListaDeExercicios01.csproj", "{CDF2D776-4B28-450D-B74E-DE59B9EDE846}"
EndProject
Project("{2150E333-8FDC-42A3-9474-1A3956D46DE8}") = "Exercicios", "Exercicios", "{78BD2580-1142-4133-85C8-867AC39F1207}"
EndProject
Project("{2150E333-8FDC-42A3-9474-1A3956D46DE8}") = "Exercicio02", "Exercicio02", "{DECF131F-3BF1-4237-8479-B4442828332F}"
EndProject
Project("{2150E333-8FDC-42A3-9474-1A3956D46DE8}") = "Exercicio01", "Exercicio01", "{10A6E608-76CD-43B7-BA81-6A5C8B8EA86F}"
	ProjectSection(SolutionItems) = preProject
		ListaDeExercicios01\Exercicio01.cs = ListaDeExercicios01\Exercicio01.cs
	EndProjectSection
EndProject
Project("{9A19103F-16F7-4668-BE54-9A1E7A4F7556}") = "Exercicio02", "Exercicio02\Exercicio02.csproj", "{94DFC80F-0525-48F4-9DDA-EBB398B9899A}"
EndProject
Project("{9A19103F-16F7-4668-BE54-9A1E7A4F7556}") = "Exercicio03", "Exercicio03\Exercicio03.csproj", "{54B9D278-2050-4096-ABEA-AEC3065BC373}"
EndProject
Project("{2150E333-8FDC-42A3-9474-1A3956D46DE8}") = "Exercicio3", "Exercicio3", "{F3688626-8E88-4DF9-A6D9-AE26739D27F8}"
EndProject
Project("{2150E333-8FDC-42A3-9474-1A3956D46DE8}") = "Exercicio4", "Exercicio4", "{49A3D9DF-8A4C-4090-941F-77F91E32F39C}"
EndProject
Project("{9A19103F-16F7-4668-BE54-9A1E7A4F7556}") = "Exercicio04", "Exercicio04\Exercicio04.csproj", "{C7B00409-BACA-458A-A225-401879DC61E6}"
EndProject
Project("{2150E333-8FDC-42A3-9474-1A3956D46DE8}") = "Exercicio5", "Exercicio5", "{C5D325BD-E9DF-4C42-B0ED-F36272E63C6B}"
EndProject
Project("{9A19103F-16F7-4668-BE54-9A1E7A4F7556}") = "Exercicio05", "Exercicio05\Exercicio05.csproj", "{C93A2922-A54A-4493-BDC2-C2533E87784E}"
EndProject
Project("{2150E333-8FDC-42A3-9474-1A3956D46DE8}") = "Exercicio6", "Exercicio6", "{30D9038F-9DEF-433B-A792-0E2FDBC5D944}"
EndProject
Project("{9A19103F-16F7-4668-BE54-9A1E7A4F7556}") = "Exercicio06", "Exercicio06\Exercicio06.csproj", "{339D09D5-EBF2-4A61-98ED-73F2AC833561}"
EndProject
Project("{2150E333-8FDC-42A3-9474-1A3956D46DE8}") = "Exercicio7", "Exercicio7", "{92E3C746-D917-4167-BCC7-0977CA28D3C1}"
EndProject
Project("{9A19103F-16F7-4668-BE54-9A1E7A4F7556}") = "Exercicio07", "Exercicio07\Exercicio07.csproj", "{A52BC56F-7674-4C83-A7BA-C58079330358}"
EndProject
Project("{2150E333-8FDC-42A3-9474-1A3956D46DE8}") = "Exercicio8", "Exercicio8", "{0C6FC368-3454-42AF-94BE-8F9BDEB32413}"
EndProject
Project("{9A19103F-16F7-4668-BE54-9A1E7A4F7556}") = "Exercicio08", "Exercicio08\Exercicio08.csproj", "{08425F90-5F7A-4370-98D4-0B2B05F39BB9}"
EndProject
Project("{2150E333-8FDC-42A3-9474-1A3956D46DE8}") = "Exercicio9", "Exercicio9", "{01C0059B-13AB-458F-A5A2-D4E7B4730D7A}"
EndProject
Project("{9A19103F-16F7-4668-BE54-9A1E7A4F7556}") = "Exercicio09", "Exercicio09\Exercicio09.csproj", "{196D95E1-8CA3-4B16-9D4D-8BCA9A400288}"
EndProject
Project("{2150E333-8FDC-42A3-9474-1A3956D46DE8}") = "Exercicio10", "Exercicio10", "{5A93D8FC-99CF-430A-A298-BFCF913BA719}"
EndProject
Project("{9A19103F-16F7-4668-BE54-9A1E7A4F7556}") = "Exercicio10", "Exercicio10\Exercicio10.csproj", "{3E938F56-1EA7-457F-8A3F-8B5E4A25032B}"
EndProject
Project("{2150E333-8FDC-42A3-9474-1A3956D46DE8}") = "exercicio12", "exercicio12", "{AA13B35B-8963-454E-BB0B-C8E264BA621A}"
EndProject
Project("{9A19103F-16F7-4668-BE54-9A1E7A4F7556}") = "Exercicio12", "Exercicio12\Exercicio12.csproj", "{382A2ADE-7989-4172-BC1D-A25324CE22D8}"
EndProject
Project("{2150E333-8FDC-42A3-9474-1A3956D46DE8}") = "Exercicio13", "Exercicio13", "{6C5C61D5-8835-47CC-A013-C6B31EA02C31}"
EndProject
Project("{9A19103F-16F7-4668-BE54-9A1E7A4F7556}") = "Exercicio13", "Exercicio13\Exercicio13.csproj", "{481B7F9B-FED8-4393-BF22-EDB7BC7EF0C9}"
EndProject
Project("{2150E333-8FDC-42A3-9474-1A3956D46DE8}") = "Exercicio14", "Exercicio14", "{7ABD083E-E6EA-405C-81B3-B9F17811BFEC}"
EndProject
Project("{9A19103F-16F7-4668-BE54-9A1E7A4F7556}") = "Exercicio14", "Exercicio14\Exercicio14.csproj", "{08F13E17-4584-4D25-A1E5-3442C26A6E04}"
EndProject
Project("{2150E333-8FDC-42A3-9474-1A3956D46DE8}") = "Exercicio16", "Exercicio16", "{EF5ECE40-E2DF-47D5-A2DC-4858279685C9}"
EndProject
Project("{9A19103F-16F7-4668-BE54-9A1E7A4F7556}") = "Exercicio16", "Exercicio16\Exercicio16.csproj", "{49003684-12EF-4A4D-9683-5B2F47BFE109}"
EndProject
Project("{2150E333-8FDC-42A3-9474-1A3956D46DE8}") = "Exercicio15", "Exercicio15", "{EA5DAC9E-40EC-4BA7-91D5-7BE65E4E75A4}"
EndProject
Project("{9A19103F-16F7-4668-BE54-9A1E7A4F7556}") = "Exercicio015", "Exercicio015\Exercicio015.csproj", "{C51630C9-1A30-4113-BFBD-D9A6364091AC}"
EndProject
Project("{2150E333-8FDC-42A3-9474-1A3956D46DE8}") = "Exercicio 17", "Exercicio 17", "{3726CEDA-E3EB-41DB-9DE7-DACDBBA562F6}"
EndProject
Project("{9A19103F-16F7-4668-BE54-9A1E7A4F7556}") = "Exercicio17", "Exercicio17\Exercicio17.csproj", "{EECAEA3B-D189-4EA7-970E-0F0FF7A843EB}"
EndProject
Project("{2150E333-8FDC-42A3-9474-1A3956D46DE8}") = "Exercicio18", "Exercicio18", "{282CA046-BC28-4EEF-B1D4-C24BE8B3AABB}"
EndProject
Project("{2150E333-8FDC-42A3-9474-1A3956D46DE8}") = "Exercicio19", "Exercicio19", "{FCA59395-C410-470F-B3DC-E8E670B8FF3D}"
EndProject
Project("{FAE04EC0-301F-11D3-BF4B-00C04F79EFBC}") = "Exercicio19", "Exercicio19\Exercicio19.csproj", "{587989E3-F137-4CE0-ACEE-5F97ABB193FD}"
EndProject
Project("{2150E333-8FDC-42A3-9474-1A3956D46DE8}") = "Exercicio20", "Exercicio20", "{4FC08DB6-A010-44DE-9069-5F5CCB59756D}"
EndProject
Project("{FAE04EC0-301F-11D3-BF4B-00C04F79EFBC}") = "Exercicio020", "Exercicio020\Exercicio020.csproj", "{93EF9F39-91BF-4675-A4AE-705148199972}"
EndProject
Project("{2150E333-8FDC-42A3-9474-1A3956D46DE8}") = "Exercicio21", "Exercicio21", "{74A3B3F0-F8E9-46B6-A4E2-C53CA4ADC385}"
EndProject
Project("{FAE04EC0-301F-11D3-BF4B-00C04F79EFBC}") = "Exercicio21", "Exercicio22\Exercicio21.csproj", "{AE57895E-AEAB-459C-99E6-1C2067361F9A}"
EndProject
Project("{2150E333-8FDC-42A3-9474-1A3956D46DE8}") = "Exercicio22", "Exercicio22", "{839304B0-3585-482C-BAF3-CD5C74204773}"
EndProject
Project("{FAE04EC0-301F-11D3-BF4B-00C04F79EFBC}") = "Exercicio022", "Exercicio022\Exercicio022.csproj", "{1A168727-811E-4AD4-AF7F-5CB6C80FC6D5}"
EndProject
Project("{2150E333-8FDC-42A3-9474-1A3956D46DE8}") = "Exercicio23", "Exercicio23", "{F49D0A06-EB62-4AD3-ADCD-EC64B4805374}"
EndProject
Project("{FAE04EC0-301F-11D3-BF4B-00C04F79EFBC}") = "Exercicio023", "Exercicio023\Exercicio023.csproj", "{C0DA39D4-351A-4A4A-8529-0041BD7E5B7C}"
EndProject
Project("{2150E333-8FDC-42A3-9474-1A3956D46DE8}") = "Exercicios024", "Exercicios024", "{AAF57FC1-0560-47BC-90B5-B032CA7C7F6C}"
EndProject
Project("{FAE04EC0-301F-11D3-BF4B-00C04F79EFBC}") = "Exercicio24", "Exercicio25\Exercicio24.csproj", "{2EDAC924-D479-46B7-88F6-07AFEF8E49E0}"
EndProject
Project("{2150E333-8FDC-42A3-9474-1A3956D46DE8}") = "Exercicio25", "Exercicio25", "{BC1C6AB8-40A9-45F4-8837-525CAD504671}"
EndProject
Project("{FAE04EC0-301F-11D3-BF4B-00C04F79EFBC}") = "Exercicio25", "Exercicio26\Exercicio25.csproj", "{4FC81B97-66AF-4281-8526-0CA3E2E31E1B}"
EndProject
Project("{2150E333-8FDC-42A3-9474-1A3956D46DE8}") = "Exercicio26", "Exercicio26", "{92B79084-4AB9-400A-B8DC-885BEF7EC1BD}"
EndProject
Project("{FAE04EC0-301F-11D3-BF4B-00C04F79EFBC}") = "Exercicio26", "Exercicio27\Exercicio26.csproj", "{83A63A47-8247-48CD-B958-F885F21D7AA6}"
EndProject
Project("{2150E333-8FDC-42A3-9474-1A3956D46DE8}") = "Exercicio27", "Exercicio27", "{6A53DA6E-4DF3-4A35-85BE-A0606DB2EDF0}"
EndProject
Project("{2150E333-8FDC-42A3-9474-1A3956D46DE8}") = "Exercicio28", "Exercicio28", "{4D294E77-9685-4FB3-A12B-2C0EBD181B29}"
EndProject
Project("{FAE04EC0-301F-11D3-BF4B-00C04F79EFBC}") = "Exercicio28", "Exercicio28\Exercicio28.csproj", "{D4286156-9D61-4EA0-B0FA-97FF04C6B07C}"
EndProject
Project("{FAE04EC0-301F-11D3-BF4B-00C04F79EFBC}") = "Exercicio18", "Exercicio18\Exercicio18.csproj", "{36923568-1CE1-470B-BA96-C66C19D082DA}"
EndProject
Project("{FAE04EC0-301F-11D3-BF4B-00C04F79EFBC}") = "Exercicio027", "Exercicio027\Exercicio027.csproj", "{AD67B1C6-F494-4A43-8C8C-840DBFC4129E}"
EndProject
Global
	GlobalSection(SolutionConfigurationPlatforms) = preSolution
		Debug|Any CPU = Debug|Any CPU
		Release|Any CPU = Release|Any CPU
	EndGlobalSection
	GlobalSection(ProjectConfigurationPlatforms) = postSolution
		{CDF2D776-4B28-450D-B74E-DE59B9EDE846}.Debug|Any CPU.ActiveCfg = Debug|Any CPU
		{CDF2D776-4B28-450D-B74E-DE59B9EDE846}.Debug|Any CPU.Build.0 = Debug|Any CPU
		{CDF2D776-4B28-450D-B74E-DE59B9EDE846}.Release|Any CPU.ActiveCfg = Release|Any CPU
		{CDF2D776-4B28-450D-B74E-DE59B9EDE846}.Release|Any CPU.Build.0 = Release|Any CPU
		{94DFC80F-0525-48F4-9DDA-EBB398B9899A}.Debug|Any CPU.ActiveCfg = Debug|Any CPU
		{94DFC80F-0525-48F4-9DDA-EBB398B9899A}.Debug|Any CPU.Build.0 = Debug|Any CPU
		{94DFC80F-0525-48F4-9DDA-EBB398B9899A}.Release|Any CPU.ActiveCfg = Release|Any CPU
		{94DFC80F-0525-48F4-9DDA-EBB398B9899A}.Release|Any CPU.Build.0 = Release|Any CPU
		{54B9D278-2050-4096-ABEA-AEC3065BC373}.Debug|Any CPU.ActiveCfg = Debug|Any CPU
		{54B9D278-2050-4096-ABEA-AEC3065BC373}.Debug|Any CPU.Build.0 = Debug|Any CPU
		{54B9D278-2050-4096-ABEA-AEC3065BC373}.Release|Any CPU.ActiveCfg = Release|Any CPU
		{54B9D278-2050-4096-ABEA-AEC3065BC373}.Release|Any CPU.Build.0 = Release|Any CPU
		{C7B00409-BACA-458A-A225-401879DC61E6}.Debug|Any CPU.ActiveCfg = Debug|Any CPU
		{C7B00409-BACA-458A-A225-401879DC61E6}.Debug|Any CPU.Build.0 = Debug|Any CPU
		{C7B00409-BACA-458A-A225-401879DC61E6}.Release|Any CPU.ActiveCfg = Release|Any CPU
		{C7B00409-BACA-458A-A225-401879DC61E6}.Release|Any CPU.Build.0 = Release|Any CPU
		{C93A2922-A54A-4493-BDC2-C2533E87784E}.Debug|Any CPU.ActiveCfg = Debug|Any CPU
		{C93A2922-A54A-4493-BDC2-C2533E87784E}.Debug|Any CPU.Build.0 = Debug|Any CPU
		{C93A2922-A54A-4493-BDC2-C2533E87784E}.Release|Any CPU.ActiveCfg = Release|Any CPU
		{C93A2922-A54A-4493-BDC2-C2533E87784E}.Release|Any CPU.Build.0 = Release|Any CPU
		{339D09D5-EBF2-4A61-98ED-73F2AC833561}.Debug|Any CPU.ActiveCfg = Debug|Any CPU
		{339D09D5-EBF2-4A61-98ED-73F2AC833561}.Debug|Any CPU.Build.0 = Debug|Any CPU
		{339D09D5-EBF2-4A61-98ED-73F2AC833561}.Release|Any CPU.ActiveCfg = Release|Any CPU
		{339D09D5-EBF2-4A61-98ED-73F2AC833561}.Release|Any CPU.Build.0 = Release|Any CPU
		{A52BC56F-7674-4C83-A7BA-C58079330358}.Debug|Any CPU.ActiveCfg = Debug|Any CPU
		{A52BC56F-7674-4C83-A7BA-C58079330358}.Debug|Any CPU.Build.0 = Debug|Any CPU
		{A52BC56F-7674-4C83-A7BA-C58079330358}.Release|Any CPU.ActiveCfg = Release|Any CPU
		{A52BC56F-7674-4C83-A7BA-C58079330358}.Release|Any CPU.Build.0 = Release|Any CPU
		{08425F90-5F7A-4370-98D4-0B2B05F39BB9}.Debug|Any CPU.ActiveCfg = Debug|Any CPU
		{08425F90-5F7A-4370-98D4-0B2B05F39BB9}.Debug|Any CPU.Build.0 = Debug|Any CPU
		{08425F90-5F7A-4370-98D4-0B2B05F39BB9}.Release|Any CPU.ActiveCfg = Release|Any CPU
		{08425F90-5F7A-4370-98D4-0B2B05F39BB9}.Release|Any CPU.Build.0 = Release|Any CPU
		{196D95E1-8CA3-4B16-9D4D-8BCA9A400288}.Debug|Any CPU.ActiveCfg = Debug|Any CPU
		{196D95E1-8CA3-4B16-9D4D-8BCA9A400288}.Debug|Any CPU.Build.0 = Debug|Any CPU
		{196D95E1-8CA3-4B16-9D4D-8BCA9A400288}.Release|Any CPU.ActiveCfg = Release|Any CPU
		{196D95E1-8CA3-4B16-9D4D-8BCA9A400288}.Release|Any CPU.Build.0 = Release|Any CPU
		{3E938F56-1EA7-457F-8A3F-8B5E4A25032B}.Debug|Any CPU.ActiveCfg = Debug|Any CPU
		{3E938F56-1EA7-457F-8A3F-8B5E4A25032B}.Debug|Any CPU.Build.0 = Debug|Any CPU
		{3E938F56-1EA7-457F-8A3F-8B5E4A25032B}.Release|Any CPU.ActiveCfg = Release|Any CPU
		{3E938F56-1EA7-457F-8A3F-8B5E4A25032B}.Release|Any CPU.Build.0 = Release|Any CPU
		{382A2ADE-7989-4172-BC1D-A25324CE22D8}.Debug|Any CPU.ActiveCfg = Debug|Any CPU
		{382A2ADE-7989-4172-BC1D-A25324CE22D8}.Debug|Any CPU.Build.0 = Debug|Any CPU
		{382A2ADE-7989-4172-BC1D-A25324CE22D8}.Release|Any CPU.ActiveCfg = Release|Any CPU
		{382A2ADE-7989-4172-BC1D-A25324CE22D8}.Release|Any CPU.Build.0 = Release|Any CPU
		{481B7F9B-FED8-4393-BF22-EDB7BC7EF0C9}.Debug|Any CPU.ActiveCfg = Debug|Any CPU
		{481B7F9B-FED8-4393-BF22-EDB7BC7EF0C9}.Debug|Any CPU.Build.0 = Debug|Any CPU
		{481B7F9B-FED8-4393-BF22-EDB7BC7EF0C9}.Release|Any CPU.ActiveCfg = Release|Any CPU
		{481B7F9B-FED8-4393-BF22-EDB7BC7EF0C9}.Release|Any CPU.Build.0 = Release|Any CPU
		{08F13E17-4584-4D25-A1E5-3442C26A6E04}.Debug|Any CPU.ActiveCfg = Debug|Any CPU
		{08F13E17-4584-4D25-A1E5-3442C26A6E04}.Debug|Any CPU.Build.0 = Debug|Any CPU
		{08F13E17-4584-4D25-A1E5-3442C26A6E04}.Release|Any CPU.ActiveCfg = Release|Any CPU
		{08F13E17-4584-4D25-A1E5-3442C26A6E04}.Release|Any CPU.Build.0 = Release|Any CPU
		{49003684-12EF-4A4D-9683-5B2F47BFE109}.Debug|Any CPU.ActiveCfg = Debug|Any CPU
		{49003684-12EF-4A4D-9683-5B2F47BFE109}.Debug|Any CPU.Build.0 = Debug|Any CPU
		{49003684-12EF-4A4D-9683-5B2F47BFE109}.Release|Any CPU.ActiveCfg = Release|Any CPU
		{49003684-12EF-4A4D-9683-5B2F47BFE109}.Release|Any CPU.Build.0 = Release|Any CPU
		{C51630C9-1A30-4113-BFBD-D9A6364091AC}.Debug|Any CPU.ActiveCfg = Debug|Any CPU
		{C51630C9-1A30-4113-BFBD-D9A6364091AC}.Debug|Any CPU.Build.0 = Debug|Any CPU
		{C51630C9-1A30-4113-BFBD-D9A6364091AC}.Release|Any CPU.ActiveCfg = Release|Any CPU
		{C51630C9-1A30-4113-BFBD-D9A6364091AC}.Release|Any CPU.Build.0 = Release|Any CPU
		{EECAEA3B-D189-4EA7-970E-0F0FF7A843EB}.Debug|Any CPU.ActiveCfg = Debug|Any CPU
		{EECAEA3B-D189-4EA7-970E-0F0FF7A843EB}.Debug|Any CPU.Build.0 = Debug|Any CPU
		{EECAEA3B-D189-4EA7-970E-0F0FF7A843EB}.Release|Any CPU.ActiveCfg = Release|Any CPU
		{EECAEA3B-D189-4EA7-970E-0F0FF7A843EB}.Release|Any CPU.Build.0 = Release|Any CPU
		{587989E3-F137-4CE0-ACEE-5F97ABB193FD}.Debug|Any CPU.ActiveCfg = Debug|Any CPU
		{587989E3-F137-4CE0-ACEE-5F97ABB193FD}.Debug|Any CPU.Build.0 = Debug|Any CPU
		{587989E3-F137-4CE0-ACEE-5F97ABB193FD}.Release|Any CPU.ActiveCfg = Release|Any CPU
		{587989E3-F137-4CE0-ACEE-5F97ABB193FD}.Release|Any CPU.Build.0 = Release|Any CPU
		{93EF9F39-91BF-4675-A4AE-705148199972}.Debug|Any CPU.ActiveCfg = Debug|Any CPU
		{93EF9F39-91BF-4675-A4AE-705148199972}.Debug|Any CPU.Build.0 = Debug|Any CPU
		{93EF9F39-91BF-4675-A4AE-705148199972}.Release|Any CPU.ActiveCfg = Release|Any CPU
		{93EF9F39-91BF-4675-A4AE-705148199972}.Release|Any CPU.Build.0 = Release|Any CPU
		{AE57895E-AEAB-459C-99E6-1C2067361F9A}.Debug|Any CPU.ActiveCfg = Debug|Any CPU
		{AE57895E-AEAB-459C-99E6-1C2067361F9A}.Debug|Any CPU.Build.0 = Debug|Any CPU
		{AE57895E-AEAB-459C-99E6-1C2067361F9A}.Release|Any CPU.ActiveCfg = Release|Any CPU
		{AE57895E-AEAB-459C-99E6-1C2067361F9A}.Release|Any CPU.Build.0 = Release|Any CPU
		{1A168727-811E-4AD4-AF7F-5CB6C80FC6D5}.Debug|Any CPU.ActiveCfg = Debug|Any CPU
		{1A168727-811E-4AD4-AF7F-5CB6C80FC6D5}.Debug|Any CPU.Build.0 = Debug|Any CPU
		{1A168727-811E-4AD4-AF7F-5CB6C80FC6D5}.Release|Any CPU.ActiveCfg = Release|Any CPU
		{1A168727-811E-4AD4-AF7F-5CB6C80FC6D5}.Release|Any CPU.Build.0 = Release|Any CPU
		{C0DA39D4-351A-4A4A-8529-0041BD7E5B7C}.Debug|Any CPU.ActiveCfg = Debug|Any CPU
		{C0DA39D4-351A-4A4A-8529-0041BD7E5B7C}.Debug|Any CPU.Build.0 = Debug|Any CPU
		{C0DA39D4-351A-4A4A-8529-0041BD7E5B7C}.Release|Any CPU.ActiveCfg = Release|Any CPU
		{C0DA39D4-351A-4A4A-8529-0041BD7E5B7C}.Release|Any CPU.Build.0 = Release|Any CPU
		{2EDAC924-D479-46B7-88F6-07AFEF8E49E0}.Debug|Any CPU.ActiveCfg = Debug|Any CPU
		{2EDAC924-D479-46B7-88F6-07AFEF8E49E0}.Debug|Any CPU.Build.0 = Debug|Any CPU
		{2EDAC924-D479-46B7-88F6-07AFEF8E49E0}.Release|Any CPU.ActiveCfg = Release|Any CPU
		{2EDAC924-D479-46B7-88F6-07AFEF8E49E0}.Release|Any CPU.Build.0 = Release|Any CPU
		{4FC81B97-66AF-4281-8526-0CA3E2E31E1B}.Debug|Any CPU.ActiveCfg = Debug|Any CPU
		{4FC81B97-66AF-4281-8526-0CA3E2E31E1B}.Debug|Any CPU.Build.0 = Debug|Any CPU
		{4FC81B97-66AF-4281-8526-0CA3E2E31E1B}.Release|Any CPU.ActiveCfg = Release|Any CPU
		{4FC81B97-66AF-4281-8526-0CA3E2E31E1B}.Release|Any CPU.Build.0 = Release|Any CPU
		{83A63A47-8247-48CD-B958-F885F21D7AA6}.Debug|Any CPU.ActiveCfg = Debug|Any CPU
		{83A63A47-8247-48CD-B958-F885F21D7AA6}.Debug|Any CPU.Build.0 = Debug|Any CPU
		{83A63A47-8247-48CD-B958-F885F21D7AA6}.Release|Any CPU.ActiveCfg = Release|Any CPU
		{83A63A47-8247-48CD-B958-F885F21D7AA6}.Release|Any CPU.Build.0 = Release|Any CPU
		{D4286156-9D61-4EA0-B0FA-97FF04C6B07C}.Debug|Any CPU.ActiveCfg = Debug|Any CPU
		{D4286156-9D61-4EA0-B0FA-97FF04C6B07C}.Debug|Any CPU.Build.0 = Debug|Any CPU
		{D4286156-9D61-4EA0-B0FA-97FF04C6B07C}.Release|Any CPU.ActiveCfg = Release|Any CPU
		{D4286156-9D61-4EA0-B0FA-97FF04C6B07C}.Release|Any CPU.Build.0 = Release|Any CPU
		{36923568-1CE1-470B-BA96-C66C19D082DA}.Debug|Any CPU.ActiveCfg = Debug|Any CPU
		{36923568-1CE1-470B-BA96-C66C19D082DA}.Debug|Any CPU.Build.0 = Debug|Any CPU
		{36923568-1CE1-470B-BA96-C66C19D082DA}.Release|Any CPU.ActiveCfg = Release|Any CPU
		{36923568-1CE1-470B-BA96-C66C19D082DA}.Release|Any CPU.Build.0 = Release|Any CPU
		{AD67B1C6-F494-4A43-8C8C-840DBFC4129E}.Debug|Any CPU.ActiveCfg = Debug|Any CPU
		{AD67B1C6-F494-4A43-8C8C-840DBFC4129E}.Debug|Any CPU.Build.0 = Debug|Any CPU
		{AD67B1C6-F494-4A43-8C8C-840DBFC4129E}.Release|Any CPU.ActiveCfg = Release|Any CPU
		{AD67B1C6-F494-4A43-8C8C-840DBFC4129E}.Release|Any CPU.Build.0 = Release|Any CPU
	EndGlobalSection
	GlobalSection(SolutionProperties) = preSolution
		HideSolutionNode = FALSE
	EndGlobalSection
	GlobalSection(NestedProjects) = preSolution
		{DECF131F-3BF1-4237-8479-B4442828332F} = {78BD2580-1142-4133-85C8-867AC39F1207}
		{10A6E608-76CD-43B7-BA81-6A5C8B8EA86F} = {78BD2580-1142-4133-85C8-867AC39F1207}
		{94DFC80F-0525-48F4-9DDA-EBB398B9899A} = {DECF131F-3BF1-4237-8479-B4442828332F}
		{54B9D278-2050-4096-ABEA-AEC3065BC373} = {F3688626-8E88-4DF9-A6D9-AE26739D27F8}
		{F3688626-8E88-4DF9-A6D9-AE26739D27F8} = {78BD2580-1142-4133-85C8-867AC39F1207}
		{49A3D9DF-8A4C-4090-941F-77F91E32F39C} = {78BD2580-1142-4133-85C8-867AC39F1207}
		{C7B00409-BACA-458A-A225-401879DC61E6} = {49A3D9DF-8A4C-4090-941F-77F91E32F39C}
		{C5D325BD-E9DF-4C42-B0ED-F36272E63C6B} = {78BD2580-1142-4133-85C8-867AC39F1207}
		{C93A2922-A54A-4493-BDC2-C2533E87784E} = {C5D325BD-E9DF-4C42-B0ED-F36272E63C6B}
		{30D9038F-9DEF-433B-A792-0E2FDBC5D944} = {78BD2580-1142-4133-85C8-867AC39F1207}
		{339D09D5-EBF2-4A61-98ED-73F2AC833561} = {30D9038F-9DEF-433B-A792-0E2FDBC5D944}
		{92E3C746-D917-4167-BCC7-0977CA28D3C1} = {78BD2580-1142-4133-85C8-867AC39F1207}
		{A52BC56F-7674-4C83-A7BA-C58079330358} = {92E3C746-D917-4167-BCC7-0977CA28D3C1}
		{0C6FC368-3454-42AF-94BE-8F9BDEB32413} = {78BD2580-1142-4133-85C8-867AC39F1207}
		{08425F90-5F7A-4370-98D4-0B2B05F39BB9} = {0C6FC368-3454-42AF-94BE-8F9BDEB32413}
		{01C0059B-13AB-458F-A5A2-D4E7B4730D7A} = {78BD2580-1142-4133-85C8-867AC39F1207}
		{196D95E1-8CA3-4B16-9D4D-8BCA9A400288} = {01C0059B-13AB-458F-A5A2-D4E7B4730D7A}
		{5A93D8FC-99CF-430A-A298-BFCF913BA719} = {78BD2580-1142-4133-85C8-867AC39F1207}
		{3E938F56-1EA7-457F-8A3F-8B5E4A25032B} = {5A93D8FC-99CF-430A-A298-BFCF913BA719}
		{AA13B35B-8963-454E-BB0B-C8E264BA621A} = {78BD2580-1142-4133-85C8-867AC39F1207}
		{382A2ADE-7989-4172-BC1D-A25324CE22D8} = {AA13B35B-8963-454E-BB0B-C8E264BA621A}
		{6C5C61D5-8835-47CC-A013-C6B31EA02C31} = {78BD2580-1142-4133-85C8-867AC39F1207}
		{481B7F9B-FED8-4393-BF22-EDB7BC7EF0C9} = {6C5C61D5-8835-47CC-A013-C6B31EA02C31}
		{7ABD083E-E6EA-405C-81B3-B9F17811BFEC} = {78BD2580-1142-4133-85C8-867AC39F1207}
		{08F13E17-4584-4D25-A1E5-3442C26A6E04} = {7ABD083E-E6EA-405C-81B3-B9F17811BFEC}
		{EF5ECE40-E2DF-47D5-A2DC-4858279685C9} = {78BD2580-1142-4133-85C8-867AC39F1207}
		{49003684-12EF-4A4D-9683-5B2F47BFE109} = {EF5ECE40-E2DF-47D5-A2DC-4858279685C9}
		{EA5DAC9E-40EC-4BA7-91D5-7BE65E4E75A4} = {78BD2580-1142-4133-85C8-867AC39F1207}
		{C51630C9-1A30-4113-BFBD-D9A6364091AC} = {EA5DAC9E-40EC-4BA7-91D5-7BE65E4E75A4}
		{3726CEDA-E3EB-41DB-9DE7-DACDBBA562F6} = {78BD2580-1142-4133-85C8-867AC39F1207}
		{EECAEA3B-D189-4EA7-970E-0F0FF7A843EB} = {3726CEDA-E3EB-41DB-9DE7-DACDBBA562F6}
		{282CA046-BC28-4EEF-B1D4-C24BE8B3AABB} = {78BD2580-1142-4133-85C8-867AC39F1207}
		{FCA59395-C410-470F-B3DC-E8E670B8FF3D} = {78BD2580-1142-4133-85C8-867AC39F1207}
		{587989E3-F137-4CE0-ACEE-5F97ABB193FD} = {FCA59395-C410-470F-B3DC-E8E670B8FF3D}
		{4FC08DB6-A010-44DE-9069-5F5CCB59756D} = {78BD2580-1142-4133-85C8-867AC39F1207}
		{93EF9F39-91BF-4675-A4AE-705148199972} = {4FC08DB6-A010-44DE-9069-5F5CCB59756D}
		{74A3B3F0-F8E9-46B6-A4E2-C53CA4ADC385} = {78BD2580-1142-4133-85C8-867AC39F1207}
		{AE57895E-AEAB-459C-99E6-1C2067361F9A} = {74A3B3F0-F8E9-46B6-A4E2-C53CA4ADC385}
		{839304B0-3585-482C-BAF3-CD5C74204773} = {78BD2580-1142-4133-85C8-867AC39F1207}
		{1A168727-811E-4AD4-AF7F-5CB6C80FC6D5} = {839304B0-3585-482C-BAF3-CD5C74204773}
		{F49D0A06-EB62-4AD3-ADCD-EC64B4805374} = {78BD2580-1142-4133-85C8-867AC39F1207}
		{C0DA39D4-351A-4A4A-8529-0041BD7E5B7C} = {F49D0A06-EB62-4AD3-ADCD-EC64B4805374}
		{AAF57FC1-0560-47BC-90B5-B032CA7C7F6C} = {78BD2580-1142-4133-85C8-867AC39F1207}
		{2EDAC924-D479-46B7-88F6-07AFEF8E49E0} = {AAF57FC1-0560-47BC-90B5-B032CA7C7F6C}
		{BC1C6AB8-40A9-45F4-8837-525CAD504671} = {78BD2580-1142-4133-85C8-867AC39F1207}
		{4FC81B97-66AF-4281-8526-0CA3E2E31E1B} = {BC1C6AB8-40A9-45F4-8837-525CAD504671}
		{92B79084-4AB9-400A-B8DC-885BEF7EC1BD} = {78BD2580-1142-4133-85C8-867AC39F1207}
		{83A63A47-8247-48CD-B958-F885F21D7AA6} = {92B79084-4AB9-400A-B8DC-885BEF7EC1BD}
		{6A53DA6E-4DF3-4A35-85BE-A0606DB2EDF0} = {78BD2580-1142-4133-85C8-867AC39F1207}
		{4D294E77-9685-4FB3-A12B-2C0EBD181B29} = {78BD2580-1142-4133-85C8-867AC39F1207}
		{D4286156-9D61-4EA0-B0FA-97FF04C6B07C} = {4D294E77-9685-4FB3-A12B-2C0EBD181B29}
		{36923568-1CE1-470B-BA96-C66C19D082DA} = {282CA046-BC28-4EEF-B1D4-C24BE8B3AABB}
		{AD67B1C6-F494-4A43-8C8C-840DBFC4129E} = {6A53DA6E-4DF3-4A35-85BE-A0606DB2EDF0}
	EndGlobalSection
	GlobalSection(ExtensibilityGlobals) = postSolution
		SolutionGuid = {24E3295D-CE98-44A4-A728-07362C9788ED}
	EndGlobalSection
EndGlobal
